
Microsoft Visual Studio Solution File, Format Version 12.00
# Visual Studio Version 16
VisualStudioVersion = 16.0.30907.101
MinimumVisualStudioVersion = 10.0.40219.1
Project("{FAE04EC0-301F-11D3-BF4B-00C04F79EFBC}") = "IPDB", "IPDB\IPDB.csproj", "{873F22CD-1479-43DF-9F19-902C60F97C93}"
EndProject
Global
	GlobalSection(SolutionConfigurationPlatforms) = preSolution
		Debug|Any CPU = Debug|Any CPU
		Release|Any CPU = Release|Any CPU
	EndGlobalSection
	GlobalSection(ProjectConfigurationPlatforms) = postSolution
		{873F22CD-1479-43DF-9F19-902C60F97C93}.Debug|Any CPU.ActiveCfg = Debug|Any CPU
		{873F22CD-1479-43DF-9F19-902C60F97C93}.Debug|Any CPU.Build.0 = Debug|Any CPU
		{873F22CD-1479-43DF-9F19-902C60F97C93}.Release|Any CPU.ActiveCfg = Release|Any CPU
		{873F22CD-1479-43DF-9F19-902C60F97C93}.Release|Any CPU.Build.0 = Release|Any CPU
	EndGlobalSection
	GlobalSection(SolutionProperties) = preSolution
		HideSolutionNode = FALSE
	EndGlobalSection
	GlobalSection(ExtensibilityGlobals) = postSolution
		SolutionGuid = {8DAE311E-B7C1-4487-9A54-498ACAB0C8BA}
	EndGlobalSection
EndGlobal
